// !$*UTF8*$!
{
	archiveVersion = 1;
	classes = {
	};
	objectVersion = 56;
	objects = {

/* Begin PBXBuildFile section */
		F4BE6D382D363BC900F96C43 /* BlinkEyeCountApp.swift in Sources */ = {isa = PBXBuildFile; fileRef = F4BE6D372D363BC900F96C43 /* BlinkEyeCountApp.swift */; };
		F4BE6D3A2D363BC900F96C43 /* ContentView.swift in Sources */ = {isa = PBXBuildFile; fileRef = F4BE6D392D363BC900F96C43 /* ContentView.swift */; };
		F4BE6D3C2D363BC900F96C43 /* Assets.xcassets in Resources */ = {isa = PBXBuildFile; fileRef = F4BE6D3B2D363BC900F96C43 /* Assets.xcassets */; };
		F4BE6D3F2D363BC900F96C43 /* Preview Assets.xcassets in Resources */ = {isa = PBXBuildFile; fileRef = F4BE6D3E2D363BC900F96C43 /* Preview Assets.xcassets */; };
		F4BE6D462D363BD200F96C43 /* EyeBlinkDetectorView.swift in Sources */ = {isa = PBXBuildFile; fileRef = F4BE6D452D363BD200F96C43 /* EyeBlinkDetectorView.swift */; };
		F4BE6D482D363BD700F96C43 /* CameraPreview.swift in Sources */ = {isa = PBXBuildFile; fileRef = F4BE6D472D363BD700F96C43 /* CameraPreview.swift */; };
		F4BE6D4A2D363BDE00F96C43 /* EyeBlinkDetectorViewModel.swift in Sources */ = {isa = PBXBuildFile; fileRef = F4BE6D492D363BDE00F96C43 /* EyeBlinkDetectorViewModel.swift */; };
/* End PBXBuildFile section */

/* Begin PBXFileReference section */
		F4BE6D342D363BC900F96C43 /* BlinkEyeCount.app */ = {isa = PBXFileReference; explicitFileType = wrapper.application; includeInIndex = 0; path = BlinkEyeCount.app; sourceTree = BUILT_PRODUCTS_DIR; };
		F4BE6D372D363BC900F96C43 /* BlinkEyeCountApp.swift */ = {isa = PBXFileReference; lastKnownFileType = sourcecode.swift; path = BlinkEyeCountApp.swift; sourceTree = "<group>"; };
		F4BE6D392D363BC900F96C43 /* ContentView.swift */ = {isa = PBXFileReference; lastKnownFileType = sourcecode.swift; path = ContentView.swift; sourceTree = "<group>"; };
		F4BE6D3B2D363BC900F96C43 /* Assets.xcassets */ = {isa = PBXFileReference; lastKnownFileType = folder.assetcatalog; path = Assets.xcassets; sourceTree = "<group>"; };
		F4BE6D3E2D363BC900F96C43 /* Preview Assets.xcassets */ = {isa = PBXFileReference; lastKnownFileType = folder.assetcatalog; path = "Preview Assets.xcassets"; sourceTree = "<group>"; };
		F4BE6D452D363BD200F96C43 /* EyeBlinkDetectorView.swift */ = {isa = PBXFileReference; lastKnownFileType = sourcecode.swift; path = EyeBlinkDetectorView.swift; sourceTree = "<group>"; };
		F4BE6D472D363BD700F96C43 /* CameraPreview.swift */ = {isa = PBXFileReference; lastKnownFileType = sourcecode.swift; path = CameraPreview.swift; sourceTree = "<group>"; };
		F4BE6D492D363BDE00F96C43 /* EyeBlinkDetectorViewModel.swift */ = {isa = PBXFileReference; lastKnownFileType = sourcecode.swift; path = EyeBlinkDetectorViewModel.swift; sourceTree = "<group>"; };
		F4BE6D512D363D6E00F96C43 /* Info.plist */ = {isa = PBXFileReference; lastKnownFileType = text.plist; path = Info.plist; sourceTree = "<group>"; };
/* End PBXFileReference section */

/* Begin PBXFrameworksBuildPhase section */
		F4BE6D312D363BC900F96C43 /* Frameworks */ = {
			isa = PBXFrameworksBuildPhase;
			buildActionMask = 2147483647;
			files = (
			);
			runOnlyForDeploymentPostprocessing = 0;
		};
/* End PBXFrameworksBuildPhase section */

/* Begin PBXGroup section */
		F4BE6D2B2D363BC800F96C43 = {
			isa = PBXGroup;
			children = (
				F4BE6D362D363BC900F96C43 /* BlinkEyeCount */,
				F4BE6D352D363BC900F96C43 /* Products */,
			);
			sourceTree = "<group>";
		};
		F4BE6D352D363BC900F96C43 /* Products */ = {
			isa = PBXGroup;
			children = (
				F4BE6D342D363BC900F96C43 /* BlinkEyeCount.app */,
			);
			name = Products;
			sourceTree = "<group>";
		};
		F4BE6D362D363BC900F96C43 /* BlinkEyeCount */ = {
			isa = PBXGroup;
			children = (
				F4BE6D512D363D6E00F96C43 /* Info.plist */,
				F4BE6D372D363BC900F96C43 /* BlinkEyeCountApp.swift */,
				F4BE6D392D363BC900F96C43 /* ContentView.swift */,
				F4BE6D3B2D363BC900F96C43 /* Assets.xcassets */,
				F4BE6D3D2D363BC900F96C43 /* Preview Content */,
				F4BE6D452D363BD200F96C43 /* EyeBlinkDetectorView.swift */,
				F4BE6D472D363BD700F96C43 /* CameraPreview.swift */,
				F4BE6D492D363BDE00F96C43 /* EyeBlinkDetectorViewModel.swift */,
			);
			path = BlinkEyeCount;
			sourceTree = "<group>";
		};
		F4BE6D3D2D363BC900F96C43 /* Preview Content */ = {
			isa = PBXGroup;
			children = (
				F4BE6D3E2D363BC900F96C43 /* Preview Assets.xcassets */,
			);
			path = "Preview Content";
			sourceTree = "<group>";
		};
/* End PBXGroup section */

/* Begin PBXNativeTarget section */
		F4BE6D332D363BC900F96C43 /* BlinkEyeCount */ = {
			isa = PBXNativeTarget;
			buildConfigurationList = F4BE6D422D363BC900F96C43 /* Build configuration list for PBXNativeTarget "BlinkEyeCount" */;
			buildPhases = (
				F4BE6D302D363BC900F96C43 /* Sources */,
				F4BE6D312D363BC900F96C43 /* Frameworks */,
				F4BE6D322D363BC900F96C43 /* Resources */,
			);
			buildRules = (
			);
			dependencies = (
			);
			name = BlinkEyeCount;
			productName = BlinkEyeCount;
			productReference = F4BE6D342D363BC900F96C43 /* BlinkEyeCount.app */;
			productType = "com.apple.product-type.application";
		};
/* End PBXNativeTarget section */

/* Begin PBXProject section */
		F4BE6D2C2D363BC800F96C43 /* Project object */ = {
			isa = PBXProject;
			attributes = {
				BuildIndependentTargetsInParallel = 1;
				LastSwiftUpdateCheck = 1530;
				LastUpgradeCheck = 1530;
				TargetAttributes = {
					F4BE6D332D363BC900F96C43 = {
						CreatedOnToolsVersion = 15.3;
					};
				};
			};
			buildConfigurationList = F4BE6D2F2D363BC800F96C43 /* Build configuration list for PBXProject "BlinkEyeCount" */;
			compatibilityVersion = "Xcode 14.0";
			developmentRegion = en;
			hasScannedForEncodings = 0;
			knownRegions = (
				en,
				Base,
			);
			mainGroup = F4BE6D2B2D363BC800F96C43;
			productRefGroup = F4BE6D352D363BC900F96C43 /* Products */;
			projectDirPath = "";
			projectRoot = "";
			targets = (
				F4BE6D332D363BC900F96C43 /* BlinkEyeCount */,
			);
		};
/* End PBXProject section */

/* Begin PBXResourcesBuildPhase section */
		F4BE6D322D363BC900F96C43 /* Resources */ = {
			isa = PBXResourcesBuildPhase;
			buildActionMask = 2147483647;
			files = (
				F4BE6D3F2D363BC900F96C43 /* Preview Assets.xcassets in Resources */,
				F4BE6D3C2D363BC900F96C43 /* Assets.xcassets in Resources */,
			);
			runOnlyForDeploymentPostprocessing = 0;
		};
/* End PBXResourcesBuildPhase section */

/* Begin PBXSourcesBuildPhase section */
		F4BE6D302D363BC900F96C43 /* Sources */ = {
			isa = PBXSourcesBuildPhase;
			buildActionMask = 2147483647;
			files = (
				F4BE6D482D363BD700F96C43 /* CameraPreview.swift in Sources */,
				F4BE6D462D363BD200F96C43 /* EyeBlinkDetectorView.swift in Sources */,
				F4BE6D4A2D363BDE00F96C43 /* EyeBlinkDetectorViewModel.swift in Sources */,
				F4BE6D3A2D363BC900F96C43 /* ContentView.swift in Sources */,
				F4BE6D382D363BC900F96C43 /* BlinkEyeCountApp.swift in Sources */,
			);
			runOnlyForDeploymentPostprocessing = 0;
		};
/* End PBXSourcesBuildPhase section */

/* Begin XCBuildConfiguration section */
		F4BE6D402D363BC900F96C43 /* Debug */ = {
			isa = XCBuildConfiguration;
			buildSettings = {
				ALWAYS_SEARCH_USER_PATHS = NO;
				ASSETCATALOG_COMPILER_GENERATE_SWIFT_ASSET_SYMBOL_EXTENSIONS = YES;
				CLANG_ANALYZER_NONNULL = YES;
				CLANG_ANALYZER_NUMBER_OBJECT_CONVERSION = YES_AGGRESSIVE;
				CLANG_CXX_LANGUAGE_STANDARD = "gnu++20";
				CLANG_ENABLE_MODULES = YES;
				CLANG_ENABLE_OBJC_ARC = YES;
				CLANG_ENABLE_OBJC_WEAK = YES;
				CLANG_WARN_BLOCK_CAPTURE_AUTORELEASING = YES;
				CLANG_WARN_BOOL_CONVERSION = YES;
				CLANG_WARN_COMMA = YES;
				CLANG_WARN_CONSTANT_CONVERSION = YES;
				CLANG_WARN_DEPRECATED_OBJC_IMPLEMENTATIONS = YES;
				CLANG_WARN_DIRECT_OBJC_ISA_USAGE = YES_ERROR;
				CLANG_WARN_DOCUMENTATION_COMMENTS = YES;
				CLANG_WARN_EMPTY_BODY = YES;
				CLANG_WARN_ENUM_CONVERSION = YES;
				CLANG_WARN_INFINITE_RECURSION = YES;
				CLANG_WARN_INT_CONVERSION = YES;
				CLANG_WARN_NON_LITERAL_NULL_CONVERSION = YES;
				CLANG_WARN_OBJC_IMPLICIT_RETAIN_SELF = YES;
				CLANG_WARN_OBJC_LITERAL_CONVERSION = YES;
				CLANG_WARN_OBJC_ROOT_CLASS = YES_ERROR;
				CLANG_WARN_QUOTED_INCLUDE_IN_FRAMEWORK_HEADER = YES;
				CLANG_WARN_RANGE_LOOP_ANALYSIS = YES;
				CLANG_WARN_STRICT_PROTOTYPES = YES;
				CLANG_WARN_SUSPICIOUS_MOVE = YES;
				CLANG_WARN_UNGUARDED_AVAILABILITY = YES_AGGRESSIVE;
				CLANG_WARN_UNREACHABLE_CODE = YES;
				CLANG_WARN__DUPLICATE_METHOD_MATCH = YES;
				COPY_PHASE_STRIP = NO;
				DEBUG_INFORMATION_FORMAT = dwarf;
				ENABLE_STRICT_OBJC_MSGSEND = YES;
				ENABLE_TESTABILITY = YES;
				ENABLE_USER_SCRIPT_SANDBOXING = YES;
				GCC_C_LANGUAGE_STANDARD = gnu17;
				GCC_DYNAMIC_NO_PIC = NO;
				GCC_NO_COMMON_BLOCKS = YES;
				GCC_OPTIMIZATION_LEVEL = 0;
				GCC_PREPROCESSOR_DEFINITIONS = (
					"DEBUG=1",
					"$(inherited)",
				);
				GCC_WARN_64_TO_32_BIT_CONVERSION = YES;
				GCC_WARN_ABOUT_RETURN_TYPE = YES_ERROR;
				GCC_WARN_UNDECLARED_SELECTOR = YES;
				GCC_WARN_UNINITIALIZED_AUTOS = YES_AGGRESSIVE;
				GCC_WARN_UNUSED_FUNCTION = YES;
				GCC_WARN_UNUSED_VARIABLE = YES;
				IPHONEOS_DEPLOYMENT_TARGET = 17.4;
				LOCALIZATION_PREFERS_STRING_CATALOGS = YES;
				MTL_ENABLE_DEBUG_INFO = INCLUDE_SOURCE;
				MTL_FAST_MATH = YES;
				ONLY_ACTIVE_ARCH = YES;
				SDKROOT = iphoneos;
				SWIFT_ACTIVE_COMPILATION_CONDITIONS = "DEBUG $(inherited)";
				SWIFT_OPTIMIZATION_LEVEL = "-Onone";
			};
			name = Debug;
		};
		F4BE6D412D363BC900F96C43 /* Release */ = {
			isa = XCBuildConfiguration;
			buildSettings = {
				ALWAYS_SEARCH_USER_PATHS = NO;
				ASSETCATALOG_COMPILER_GENERATE_SWIFT_ASSET_SYMBOL_EXTENSIONS = YES;
				CLANG_ANALYZER_NONNULL = YES;
				CLANG_ANALYZER_NUMBER_OBJECT_CONVERSION = YES_AGGRESSIVE;
				CLANG_CXX_LANGUAGE_STANDARD = "gnu++20";
				CLANG_ENABLE_MODULES = YES;
				CLANG_ENABLE_OBJC_ARC = YES;
				CLANG_ENABLE_OBJC_WEAK = YES;
				CLANG_WARN_BLOCK_CAPTURE_AUTORELEASING = YES;
				CLANG_WARN_BOOL_CONVERSION = YES;
				CLANG_WARN_COMMA = YES;
				CLANG_WARN_CONSTANT_CONVERSION = YES;
				CLANG_WARN_DEPRECATED_OBJC_IMPLEMENTATIONS = YES;
				CLANG_WARN_DIRECT_OBJC_ISA_USAGE = YES_ERROR;
				CLANG_WARN_DOCUMENTATION_COMMENTS = YES;
				CLANG_WARN_EMPTY_BODY = YES;
				CLANG_WARN_ENUM_CONVERSION = YES;
				CLANG_WARN_INFINITE_RECURSION = YES;
				CLANG_WARN_INT_CONVERSION = YES;
				CLANG_WARN_NON_LITERAL_NULL_CONVERSION = YES;
				CLANG_WARN_OBJC_IMPLICIT_RETAIN_SELF = YES;
				CLANG_WARN_OBJC_LITERAL_CONVERSION = YES;
				CLANG_WARN_OBJC_ROOT_CLASS = YES_ERROR;
				CLANG_WARN_QUOTED_INCLUDE_IN_FRAMEWORK_HEADER = YES;
				CLANG_WARN_RANGE_LOOP_ANALYSIS = YES;
				CLANG_WARN_STRICT_PROTOTYPES = YES;
				CLANG_WARN_SUSPICIOUS_MOVE = YES;
				CLANG_WARN_UNGUARDED_AVAILABILITY = YES_AGGRESSIVE;
				CLANG_WARN_UNREACHABLE_CODE = YES;
				CLANG_WARN__DUPLICATE_METHOD_MATCH = YES;
				COPY_PHASE_STRIP = NO;
				DEBUG_INFORMATION_FORMAT = "dwarf-with-dsym";
				ENABLE_NS_ASSERTIONS = NO;
				ENABLE_STRICT_OBJC_MSGSEND = YES;
				ENABLE_USER_SCRIPT_SANDBOXING = YES;
				GCC_C_LANGUAGE_STANDARD = gnu17;
				GCC_NO_COMMON_BLOCKS = YES;
				GCC_WARN_64_TO_32_BIT_CONVERSION = YES;
				GCC_WARN_ABOUT_RETURN_TYPE = YES_ERROR;
				GCC_WARN_UNDECLARED_SELECTOR = YES;
				GCC_WARN_UNINITIALIZED_AUTOS = YES_AGGRESSIVE;
				GCC_WARN_UNUSED_FUNCTION = YES;
				GCC_WARN_UNUSED_VARIABLE = YES;
				IPHONEOS_DEPLOYMENT_TARGET = 17.4;
				LOCALIZATION_PREFERS_STRING_CATALOGS = YES;
				MTL_ENABLE_DEBUG_INFO = NO;
				MTL_FAST_MATH = YES;
				SDKROOT = iphoneos;
				SWIFT_COMPILATION_MODE = wholemodule;
				VALIDATE_PRODUCT = YES;
			};
			name = Release;
		};
		F4BE6D432D363BC900F96C43 /* Debug */ = {
			isa = XCBuildConfiguration;
			buildSettings = {
				ASSETCATALOG_COMPILER_APPICON_NAME = AppIcon;
				ASSETCATALOG_COMPILER_GLOBAL_ACCENT_COLOR_NAME = AccentColor;
				CODE_SIGN_STYLE = Automatic;
				CURRENT_PROJECT_VERSION = 1;
				DEVELOPMENT_ASSET_PATHS = "\"BlinkEyeCount/Preview Content\"";
				DEVELOPMENT_TEAM = G6A84U52VG;
				ENABLE_PREVIEWS = YES;
				GENERATE_INFOPLIST_FILE = YES;
				INFOPLIST_FILE = BlinkEyeCount/Info.plist;
				INFOPLIST_KEY_NSCameraUsageDescription = "Want to access camera";
				INFOPLIST_KEY_UIApplicationSceneManifest_Generation = YES;
				INFOPLIST_KEY_UIApplicationSupportsIndirectInputEvents = YES;
				INFOPLIST_KEY_UILaunchScreen_Generation = YES;
				INFOPLIST_KEY_UISupportedInterfaceOrientations_iPad = "UIInterfaceOrientationPortrait UIInterfaceOrientationPortraitUpsideDown UIInterfaceOrientationLandscapeLeft UIInterfaceOrientationLandscapeRight";
				INFOPLIST_KEY_UISupportedInterfaceOrientations_iPhone = "UIInterfaceOrientationPortrait UIInterfaceOrientationLandscapeLeft UIInterfaceOrientationLandscapeRight";
				LD_RUNPATH_SEARCH_PATHS = (
					"$(inherited)",
					"@executable_path/Frameworks",
				);
				MARKETING_VERSION = 1.0;
				PRODUCT_BUNDLE_IDENTIFIER = com.thinkitive.BlinkEyeCount;
				PRODUCT_NAME = "$(TARGET_NAME)";
				SUPPORTED_PLATFORMS = "iphoneos iphonesimulator";
				SUPPORTS_MACCATALYST = NO;
				SUPPORTS_XR_DESIGNED_FOR_IPHONE_IPAD = NO;
				SWIFT_EMIT_LOC_STRINGS = YES;
				SWIFT_VERSION = 5.0;
				TARGETED_DEVICE_FAMILY = 1;
			};
			name = Debug;
		};
		F4BE6D442D363BC900F96C43 /* Release */ = {
			isa = XCBuildConfiguration;
			buildSettings = {
				ASSETCATALOG_COMPILER_APPICON_NAME = AppIcon;
				ASSETCATALOG_COMPILER_GLOBAL_ACCENT_COLOR_NAME = AccentColor;
				CODE_SIGN_STYLE = Automatic;
				CURRENT_PROJECT_VERSION = 1;
				DEVELOPMENT_ASSET_PATHS = "\"BlinkEyeCount/Preview Content\"";
				DEVELOPMENT_TEAM = G6A84U52VG;
				ENABLE_PREVIEWS = YES;
				GENERATE_INFOPLIST_FILE = YES;
				INFOPLIST_FILE = BlinkEyeCount/Info.plist;
				INFOPLIST_KEY_NSCameraUsageDescription = "Want to access camera";
				INFOPLIST_KEY_UIApplicationSceneManifest_Generation = YES;
				INFOPLIST_KEY_UIApplicationSupportsIndirectInputEvents = YES;
				INFOPLIST_KEY_UILaunchScreen_Generation = YES;
				INFOPLIST_KEY_UISupportedInterfaceOrientations_iPad = "UIInterfaceOrientationPortrait UIInterfaceOrientationPortraitUpsideDown UIInterfaceOrientationLandscapeLeft UIInterfaceOrientationLandscapeRight";
				INFOPLIST_KEY_UISupportedInterfaceOrientations_iPhone = "UIInterfaceOrientationPortrait UIInterfaceOrientationLandscapeLeft UIInterfaceOrientationLandscapeRight";
				LD_RUNPATH_SEARCH_PATHS = (
					"$(inherited)",
					"@executable_path/Frameworks",
				);
				MARKETING_VERSION = 1.0;
				PRODUCT_BUNDLE_IDENTIFIER = com.thinkitive.BlinkEyeCount;
				PRODUCT_NAME = "$(TARGET_NAME)";
				SUPPORTED_PLATFORMS = "iphoneos iphonesimulator";
				SUPPORTS_MACCATALYST = NO;
				SUPPORTS_XR_DESIGNED_FOR_IPHONE_IPAD = NO;
				SWIFT_EMIT_LOC_STRINGS = YES;
				SWIFT_VERSION = 5.0;
				TARGETED_DEVICE_FAMILY = 1;
			};
			name = Release;
		};
/* End XCBuildConfiguration section */

/* Begin XCConfigurationList section */
		F4BE6D2F2D363BC800F96C43 /* Build configuration list for PBXProject "BlinkEyeCount" */ = {
			isa = XCConfigurationList;
			buildConfigurations = (
				F4BE6D402D363BC900F96C43 /* Debug */,
				F4BE6D412D363BC900F96C43 /* Release */,
			);
			defaultConfigurationIsVisible = 0;
			defaultConfigurationName = Release;
		};
		F4BE6D422D363BC900F96C43 /* Build configuration list for PBXNativeTarget "BlinkEyeCount" */ = {
			isa = XCConfigurationList;
			buildConfigurations = (
				F4BE6D432D363BC900F96C43 /* Debug */,
				F4BE6D442D363BC900F96C43 /* Release */,
			);
			defaultConfigurationIsVisible = 0;
			defaultConfigurationName = Release;
		};
/* End XCConfigurationList section */
	};
	rootObject = F4BE6D2C2D363BC800F96C43 /* Project object */;
}
